// !$*UTF8*$!
{
	archiveVersion = 1;
	classes = {
	};
	objectVersion = 56;
	objects = {

/* Begin PBXBuildFile section */
		DC04FE3629CBA3B900840BBB /* DetailsController.swift in Sources */ = {isa = PBXBuildFile; fileRef = DC04FE3529CBA3B900840BBB /* DetailsController.swift */; };
		DC46303129CB06D3004BAC2D /* Constants.swift in Sources */ = {isa = PBXBuildFile; fileRef = DC46303029CB06D3004BAC2D /* Constants.swift */; };
		DC46303429CB31D7004BAC2D /* SDWebImage in Frameworks */ = {isa = PBXBuildFile; productRef = DC46303329CB31D7004BAC2D /* SDWebImage */; };
		DC46303729CB4DBC004BAC2D /* Protocol.swift in Sources */ = {isa = PBXBuildFile; fileRef = DC46303629CB4DBC004BAC2D /* Protocol.swift */; };
		DC4C9FE729CA174E008970FC /* AppDelegate.swift in Sources */ = {isa = PBXBuildFile; fileRef = DC4C9FE629CA174E008970FC /* AppDelegate.swift */; };
		DC4C9FE929CA174E008970FC /* SceneDelegate.swift in Sources */ = {isa = PBXBuildFile; fileRef = DC4C9FE829CA174E008970FC /* SceneDelegate.swift */; };
		DC4C9FEB29CA174E008970FC /* MainController.swift in Sources */ = {isa = PBXBuildFile; fileRef = DC4C9FEA29CA174E008970FC /* MainController.swift */; };
		DC4C9FEE29CA174E008970FC /* Main.storyboard in Resources */ = {isa = PBXBuildFile; fileRef = DC4C9FEC29CA174E008970FC /* Main.storyboard */; };
		DC4C9FF029CA174F008970FC /* Assets.xcassets in Resources */ = {isa = PBXBuildFile; fileRef = DC4C9FEF29CA174F008970FC /* Assets.xcassets */; };
		DC4C9FF329CA174F008970FC /* LaunchScreen.storyboard in Resources */ = {isa = PBXBuildFile; fileRef = DC4C9FF129CA174F008970FC /* LaunchScreen.storyboard */; };
		DC4C9FFB29CA1B1A008970FC /* PokemonTableViewCell.swift in Sources */ = {isa = PBXBuildFile; fileRef = DC4C9FFA29CA1B1A008970FC /* PokemonTableViewCell.swift */; };
		DC4CA00329CA2465008970FC /* Pokemon.swift in Sources */ = {isa = PBXBuildFile; fileRef = DC4CA00229CA2465008970FC /* Pokemon.swift */; };
		DC4CA00529CA413D008970FC /* WebService.swift in Sources */ = {isa = PBXBuildFile; fileRef = DC4CA00429CA413D008970FC /* WebService.swift */; };
		DC4CA00729CA507D008970FC /* PokemonViewModel.swift in Sources */ = {isa = PBXBuildFile; fileRef = DC4CA00629CA507D008970FC /* PokemonViewModel.swift */; };
/* End PBXBuildFile section */

/* Begin PBXFileReference section */
		DC04FE3529CBA3B900840BBB /* DetailsController.swift */ = {isa = PBXFileReference; lastKnownFileType = sourcecode.swift; path = DetailsController.swift; sourceTree = "<group>"; };
		DC46303029CB06D3004BAC2D /* Constants.swift */ = {isa = PBXFileReference; lastKnownFileType = sourcecode.swift; path = Constants.swift; sourceTree = "<group>"; };
		DC46303629CB4DBC004BAC2D /* Protocol.swift */ = {isa = PBXFileReference; lastKnownFileType = sourcecode.swift; path = Protocol.swift; sourceTree = "<group>"; };
		DC4C9FE329CA174E008970FC /* PokemonApp.app */ = {isa = PBXFileReference; explicitFileType = wrapper.application; includeInIndex = 0; path = PokemonApp.app; sourceTree = BUILT_PRODUCTS_DIR; };
		DC4C9FE629CA174E008970FC /* AppDelegate.swift */ = {isa = PBXFileReference; lastKnownFileType = sourcecode.swift; path = AppDelegate.swift; sourceTree = "<group>"; };
		DC4C9FE829CA174E008970FC /* SceneDelegate.swift */ = {isa = PBXFileReference; lastKnownFileType = sourcecode.swift; path = SceneDelegate.swift; sourceTree = "<group>"; };
		DC4C9FEA29CA174E008970FC /* MainController.swift */ = {isa = PBXFileReference; lastKnownFileType = sourcecode.swift; path = MainController.swift; sourceTree = "<group>"; };
		DC4C9FED29CA174E008970FC /* Base */ = {isa = PBXFileReference; lastKnownFileType = file.storyboard; name = Base; path = Base.lproj/Main.storyboard; sourceTree = "<group>"; };
		DC4C9FEF29CA174F008970FC /* Assets.xcassets */ = {isa = PBXFileReference; lastKnownFileType = folder.assetcatalog; path = Assets.xcassets; sourceTree = "<group>"; };
		DC4C9FF229CA174F008970FC /* Base */ = {isa = PBXFileReference; lastKnownFileType = file.storyboard; name = Base; path = Base.lproj/LaunchScreen.storyboard; sourceTree = "<group>"; };
		DC4C9FF429CA174F008970FC /* Info.plist */ = {isa = PBXFileReference; lastKnownFileType = text.plist.xml; path = Info.plist; sourceTree = "<group>"; };
		DC4C9FFA29CA1B1A008970FC /* PokemonTableViewCell.swift */ = {isa = PBXFileReference; lastKnownFileType = sourcecode.swift; path = PokemonTableViewCell.swift; sourceTree = "<group>"; };
		DC4CA00229CA2465008970FC /* Pokemon.swift */ = {isa = PBXFileReference; lastKnownFileType = sourcecode.swift; path = Pokemon.swift; sourceTree = "<group>"; };
		DC4CA00429CA413D008970FC /* WebService.swift */ = {isa = PBXFileReference; lastKnownFileType = sourcecode.swift; path = WebService.swift; sourceTree = "<group>"; };
		DC4CA00629CA507D008970FC /* PokemonViewModel.swift */ = {isa = PBXFileReference; lastKnownFileType = sourcecode.swift; path = PokemonViewModel.swift; sourceTree = "<group>"; };
/* End PBXFileReference section */

/* Begin PBXFrameworksBuildPhase section */
		DC4C9FE029CA174E008970FC /* Frameworks */ = {
			isa = PBXFrameworksBuildPhase;
			buildActionMask = 2147483647;
			files = (
				DC46303429CB31D7004BAC2D /* SDWebImage in Frameworks */,
			);
			runOnlyForDeploymentPostprocessing = 0;
		};
/* End PBXFrameworksBuildPhase section */

/* Begin PBXGroup section */
		DC46302F29CB06C4004BAC2D /* Constants */ = {
			isa = PBXGroup;
			children = (
				DC46303029CB06D3004BAC2D /* Constants.swift */,
			);
			path = Constants;
			sourceTree = "<group>";
		};
		DC46303529CB4D91004BAC2D /* Protocol */ = {
			isa = PBXGroup;
			children = (
				DC46303629CB4DBC004BAC2D /* Protocol.swift */,
			);
			path = Protocol;
			sourceTree = "<group>";
		};
		DC4C9FDA29CA174E008970FC = {
			isa = PBXGroup;
			children = (
				DC4C9FE529CA174E008970FC /* PokemonApp */,
				DC4C9FE429CA174E008970FC /* Products */,
			);
			sourceTree = "<group>";
		};
		DC4C9FE429CA174E008970FC /* Products */ = {
			isa = PBXGroup;
			children = (
				DC4C9FE329CA174E008970FC /* PokemonApp.app */,
			);
			name = Products;
			sourceTree = "<group>";
		};
		DC4C9FE529CA174E008970FC /* PokemonApp */ = {
			isa = PBXGroup;
			children = (
				DC46302F29CB06C4004BAC2D /* Constants */,
				DC46303529CB4D91004BAC2D /* Protocol */,
				DC4C9FFF29CA23A3008970FC /* Service */,
				DC4C9FFC29CA237A008970FC /* Model */,
				DC4C9FFD29CA2384008970FC /* ViewModel */,
				DC4C9FFE29CA2397008970FC /* View */,
				DC4C9FEF29CA174F008970FC /* Assets.xcassets */,
				DC4C9FEC29CA174E008970FC /* Main.storyboard */,
				DC4C9FF129CA174F008970FC /* LaunchScreen.storyboard */,
				DC4C9FF429CA174F008970FC /* Info.plist */,
			);
			path = PokemonApp;
			sourceTree = "<group>";
		};
		DC4C9FFC29CA237A008970FC /* Model */ = {
			isa = PBXGroup;
			children = (
				DC4CA00229CA2465008970FC /* Pokemon.swift */,
			);
			path = Model;
			sourceTree = "<group>";
		};
		DC4C9FFD29CA2384008970FC /* ViewModel */ = {
			isa = PBXGroup;
			children = (
				DC4CA00629CA507D008970FC /* PokemonViewModel.swift */,
			);
			path = ViewModel;
			sourceTree = "<group>";
		};
		DC4C9FFE29CA2397008970FC /* View */ = {
			isa = PBXGroup;
			children = (
				DCE5ED6229CC81830074F742 /* Controller */,
				DCE5ED6329CC81A10074F742 /* Cell */,
				DC4C9FE629CA174E008970FC /* AppDelegate.swift */,
				DC4C9FE829CA174E008970FC /* SceneDelegate.swift */,
			);
			path = View;
			sourceTree = "<group>";
		};
		DC4C9FFF29CA23A3008970FC /* Service */ = {
			isa = PBXGroup;
			children = (
				DC4CA00429CA413D008970FC /* WebService.swift */,
			);
			path = Service;
			sourceTree = "<group>";
		};
		DCE5ED6229CC81830074F742 /* Controller */ = {
			isa = PBXGroup;
			children = (
				DC4C9FEA29CA174E008970FC /* MainController.swift */,
				DC04FE3529CBA3B900840BBB /* DetailsController.swift */,
			);
			path = Controller;
			sourceTree = "<group>";
		};
		DCE5ED6329CC81A10074F742 /* Cell */ = {
			isa = PBXGroup;
			children = (
				DC4C9FFA29CA1B1A008970FC /* PokemonTableViewCell.swift */,
			);
			path = Cell;
			sourceTree = "<group>";
		};
/* End PBXGroup section */

/* Begin PBXNativeTarget section */
		DC4C9FE229CA174E008970FC /* PokemonApp */ = {
			isa = PBXNativeTarget;
			buildConfigurationList = DC4C9FF729CA174F008970FC /* Build configuration list for PBXNativeTarget "PokemonApp" */;
			buildPhases = (
				DC4C9FDF29CA174E008970FC /* Sources */,
				DC4C9FE029CA174E008970FC /* Frameworks */,
				DC4C9FE129CA174E008970FC /* Resources */,
			);
			buildRules = (
			);
			dependencies = (
			);
			name = PokemonApp;
			packageProductDependencies = (
				DC46303329CB31D7004BAC2D /* SDWebImage */,
			);
			productName = PokemonApp;
			productReference = DC4C9FE329CA174E008970FC /* PokemonApp.app */;
			productType = "com.apple.product-type.application";
		};
/* End PBXNativeTarget section */

/* Begin PBXProject section */
		DC4C9FDB29CA174E008970FC /* Project object */ = {
			isa = PBXProject;
			attributes = {
				BuildIndependentTargetsInParallel = 1;
				LastSwiftUpdateCheck = 1420;
				LastUpgradeCheck = 1420;
				TargetAttributes = {
					DC4C9FE229CA174E008970FC = {
						CreatedOnToolsVersion = 14.2;
					};
				};
			};
			buildConfigurationList = DC4C9FDE29CA174E008970FC /* Build configuration list for PBXProject "PokemonApp" */;
			compatibilityVersion = "Xcode 14.0";
			developmentRegion = en;
			hasScannedForEncodings = 0;
			knownRegions = (
				en,
				Base,
			);
			mainGroup = DC4C9FDA29CA174E008970FC;
			packageReferences = (
				DC46303229CB31D7004BAC2D /* XCRemoteSwiftPackageReference "SDWebImage" */,
			);
			productRefGroup = DC4C9FE429CA174E008970FC /* Products */;
			projectDirPath = "";
			projectRoot = "";
			targets = (
				DC4C9FE229CA174E008970FC /* PokemonApp */,
			);
		};
/* End PBXProject section */

/* Begin PBXResourcesBuildPhase section */
		DC4C9FE129CA174E008970FC /* Resources */ = {
			isa = PBXResourcesBuildPhase;
			buildActionMask = 2147483647;
			files = (
				DC4C9FF329CA174F008970FC /* LaunchScreen.storyboard in Resources */,
				DC4C9FF029CA174F008970FC /* Assets.xcassets in Resources */,
				DC4C9FEE29CA174E008970FC /* Main.storyboard in Resources */,
			);
			runOnlyForDeploymentPostprocessing = 0;
		};
/* End PBXResourcesBuildPhase section */

/* Begin PBXSourcesBuildPhase section */
		DC4C9FDF29CA174E008970FC /* Sources */ = {
			isa = PBXSourcesBuildPhase;
			buildActionMask = 2147483647;
			files = (
				DC4CA00529CA413D008970FC /* WebService.swift in Sources */,
				DC4CA00329CA2465008970FC /* Pokemon.swift in Sources */,
				DC04FE3629CBA3B900840BBB /* DetailsController.swift in Sources */,
				DC4C9FEB29CA174E008970FC /* MainController.swift in Sources */,
				DC4CA00729CA507D008970FC /* PokemonViewModel.swift in Sources */,
				DC4C9FFB29CA1B1A008970FC /* PokemonTableViewCell.swift in Sources */,
				DC46303729CB4DBC004BAC2D /* Protocol.swift in Sources */,
				DC4C9FE729CA174E008970FC /* AppDelegate.swift in Sources */,
				DC4C9FE929CA174E008970FC /* SceneDelegate.swift in Sources */,
				DC46303129CB06D3004BAC2D /* Constants.swift in Sources */,
			);
			runOnlyForDeploymentPostprocessing = 0;
		};
/* End PBXSourcesBuildPhase section */

/* Begin PBXVariantGroup section */
		DC4C9FEC29CA174E008970FC /* Main.storyboard */ = {
			isa = PBXVariantGroup;
			children = (
				DC4C9FED29CA174E008970FC /* Base */,
			);
			name = Main.storyboard;
			sourceTree = "<group>";
		};
		DC4C9FF129CA174F008970FC /* LaunchScreen.storyboard */ = {
			isa = PBXVariantGroup;
			children = (
				DC4C9FF229CA174F008970FC /* Base */,
			);
			name = LaunchScreen.storyboard;
			sourceTree = "<group>";
		};
/* End PBXVariantGroup section */

/* Begin XCBuildConfiguration section */
		DC4C9FF529CA174F008970FC /* Debug */ = {
			isa = XCBuildConfiguration;
			buildSettings = {
				ALWAYS_SEARCH_USER_PATHS = NO;
				CLANG_ANALYZER_NONNULL = YES;
				CLANG_ANALYZER_NUMBER_OBJECT_CONVERSION = YES_AGGRESSIVE;
				CLANG_CXX_LANGUAGE_STANDARD = "gnu++20";
				CLANG_ENABLE_MODULES = YES;
				CLANG_ENABLE_OBJC_ARC = YES;
				CLANG_ENABLE_OBJC_WEAK = YES;
				CLANG_WARN_BLOCK_CAPTURE_AUTORELEASING = YES;
				CLANG_WARN_BOOL_CONVERSION = YES;
				CLANG_WARN_COMMA = YES;
				CLANG_WARN_CONSTANT_CONVERSION = YES;
				CLANG_WARN_DEPRECATED_OBJC_IMPLEMENTATIONS = YES;
				CLANG_WARN_DIRECT_OBJC_ISA_USAGE = YES_ERROR;
				CLANG_WARN_DOCUMENTATION_COMMENTS = YES;
				CLANG_WARN_EMPTY_BODY = YES;
				CLANG_WARN_ENUM_CONVERSION = YES;
				CLANG_WARN_INFINITE_RECURSION = YES;
				CLANG_WARN_INT_CONVERSION = YES;
				CLANG_WARN_NON_LITERAL_NULL_CONVERSION = YES;
				CLANG_WARN_OBJC_IMPLICIT_RETAIN_SELF = YES;
				CLANG_WARN_OBJC_LITERAL_CONVERSION = YES;
				CLANG_WARN_OBJC_ROOT_CLASS = YES_ERROR;
				CLANG_WARN_QUOTED_INCLUDE_IN_FRAMEWORK_HEADER = YES;
				CLANG_WARN_RANGE_LOOP_ANALYSIS = YES;
				CLANG_WARN_STRICT_PROTOTYPES = YES;
				CLANG_WARN_SUSPICIOUS_MOVE = YES;
				CLANG_WARN_UNGUARDED_AVAILABILITY = YES_AGGRESSIVE;
				CLANG_WARN_UNREACHABLE_CODE = YES;
				CLANG_WARN__DUPLICATE_METHOD_MATCH = YES;
				COPY_PHASE_STRIP = NO;
				DEBUG_INFORMATION_FORMAT = dwarf;
				ENABLE_STRICT_OBJC_MSGSEND = YES;
				ENABLE_TESTABILITY = YES;
				GCC_C_LANGUAGE_STANDARD = gnu11;
				GCC_DYNAMIC_NO_PIC = NO;
				GCC_NO_COMMON_BLOCKS = YES;
				GCC_OPTIMIZATION_LEVEL = 0;
				GCC_PREPROCESSOR_DEFINITIONS = (
					"DEBUG=1",
					"$(inherited)",
				);
				GCC_WARN_64_TO_32_BIT_CONVERSION = YES;
				GCC_WARN_ABOUT_RETURN_TYPE = YES_ERROR;
				GCC_WARN_UNDECLARED_SELECTOR = YES;
				GCC_WARN_UNINITIALIZED_AUTOS = YES_AGGRESSIVE;
				GCC_WARN_UNUSED_FUNCTION = YES;
				GCC_WARN_UNUSED_VARIABLE = YES;
				IPHONEOS_DEPLOYMENT_TARGET = 16.2;
				MTL_ENABLE_DEBUG_INFO = INCLUDE_SOURCE;
				MTL_FAST_MATH = YES;
				ONLY_ACTIVE_ARCH = YES;
				SDKROOT = iphoneos;
				SWIFT_ACTIVE_COMPILATION_CONDITIONS = DEBUG;
				SWIFT_OPTIMIZATION_LEVEL = "-Onone";
			};
			name = Debug;
		};
		DC4C9FF629CA174F008970FC /* Release */ = {
			isa = XCBuildConfiguration;
			buildSettings = {
				ALWAYS_SEARCH_USER_PATHS = NO;
				CLANG_ANALYZER_NONNULL = YES;
				CLANG_ANALYZER_NUMBER_OBJECT_CONVERSION = YES_AGGRESSIVE;
				CLANG_CXX_LANGUAGE_STANDARD = "gnu++20";
				CLANG_ENABLE_MODULES = YES;
				CLANG_ENABLE_OBJC_ARC = YES;
				CLANG_ENABLE_OBJC_WEAK = YES;
				CLANG_WARN_BLOCK_CAPTURE_AUTORELEASING = YES;
				CLANG_WARN_BOOL_CONVERSION = YES;
				CLANG_WARN_COMMA = YES;
				CLANG_WARN_CONSTANT_CONVERSION = YES;
				CLANG_WARN_DEPRECATED_OBJC_IMPLEMENTATIONS = YES;
				CLANG_WARN_DIRECT_OBJC_ISA_USAGE = YES_ERROR;
				CLANG_WARN_DOCUMENTATION_COMMENTS = YES;
				CLANG_WARN_EMPTY_BODY = YES;
				CLANG_WARN_ENUM_CONVERSION = YES;
				CLANG_WARN_INFINITE_RECURSION = YES;
				CLANG_WARN_INT_CONVERSION = YES;
				CLANG_WARN_NON_LITERAL_NULL_CONVERSION = YES;
				CLANG_WARN_OBJC_IMPLICIT_RETAIN_SELF = YES;
				CLANG_WARN_OBJC_LITERAL_CONVERSION = YES;
				CLANG_WARN_OBJC_ROOT_CLASS = YES_ERROR;
				CLANG_WARN_QUOTED_INCLUDE_IN_FRAMEWORK_HEADER = YES;
				CLANG_WARN_RANGE_LOOP_ANALYSIS = YES;
				CLANG_WARN_STRICT_PROTOTYPES = YES;
				CLANG_WARN_SUSPICIOUS_MOVE = YES;
				CLANG_WARN_UNGUARDED_AVAILABILITY = YES_AGGRESSIVE;
				CLANG_WARN_UNREACHABLE_CODE = YES;
				CLANG_WARN__DUPLICATE_METHOD_MATCH = YES;
				COPY_PHASE_STRIP = NO;
				DEBUG_INFORMATION_FORMAT = "dwarf-with-dsym";
				ENABLE_NS_ASSERTIONS = NO;
				ENABLE_STRICT_OBJC_MSGSEND = YES;
				GCC_C_LANGUAGE_STANDARD = gnu11;
				GCC_NO_COMMON_BLOCKS = YES;
				GCC_WARN_64_TO_32_BIT_CONVERSION = YES;
				GCC_WARN_ABOUT_RETURN_TYPE = YES_ERROR;
				GCC_WARN_UNDECLARED_SELECTOR = YES;
				GCC_WARN_UNINITIALIZED_AUTOS = YES_AGGRESSIVE;
				GCC_WARN_UNUSED_FUNCTION = YES;
				GCC_WARN_UNUSED_VARIABLE = YES;
				IPHONEOS_DEPLOYMENT_TARGET = 16.2;
				MTL_ENABLE_DEBUG_INFO = NO;
				MTL_FAST_MATH = YES;
				SDKROOT = iphoneos;
				SWIFT_COMPILATION_MODE = wholemodule;
				SWIFT_OPTIMIZATION_LEVEL = "-O";
				VALIDATE_PRODUCT = YES;
			};
			name = Release;
		};
		DC4C9FF829CA174F008970FC /* Debug */ = {
			isa = XCBuildConfiguration;
			buildSettings = {
				ASSETCATALOG_COMPILER_APPICON_NAME = AppIcon;
				ASSETCATALOG_COMPILER_GLOBAL_ACCENT_COLOR_NAME = AccentColor;
				CODE_SIGN_STYLE = Automatic;
				CURRENT_PROJECT_VERSION = 1;
				DEVELOPMENT_TEAM = 27976765KZ;
				GENERATE_INFOPLIST_FILE = YES;
				INFOPLIST_FILE = PokemonApp/Info.plist;
				INFOPLIST_KEY_UIApplicationSupportsIndirectInputEvents = YES;
				INFOPLIST_KEY_UILaunchStoryboardName = LaunchScreen;
				INFOPLIST_KEY_UIMainStoryboardFile = Main;
				INFOPLIST_KEY_UISupportedInterfaceOrientations_iPad = "UIInterfaceOrientationPortrait UIInterfaceOrientationPortraitUpsideDown UIInterfaceOrientationLandscapeLeft UIInterfaceOrientationLandscapeRight";
				INFOPLIST_KEY_UISupportedInterfaceOrientations_iPhone = "UIInterfaceOrientationPortrait UIInterfaceOrientationLandscapeLeft UIInterfaceOrientationLandscapeRight";
				LD_RUNPATH_SEARCH_PATHS = (
					"$(inherited)",
					"@executable_path/Frameworks",
				);
				MARKETING_VERSION = 1.0;
				PRODUCT_BUNDLE_IDENTIFIER = furkankeskin.PokemonApp;
				PRODUCT_NAME = "$(TARGET_NAME)";
				SWIFT_EMIT_LOC_STRINGS = YES;
				SWIFT_VERSION = 5.0;
				TARGETED_DEVICE_FAMILY = "1,2";
			};
			name = Debug;
		};
		DC4C9FF929CA174F008970FC /* Release */ = {
			isa = XCBuildConfiguration;
			buildSettings = {
				ASSETCATALOG_COMPILER_APPICON_NAME = AppIcon;
				ASSETCATALOG_COMPILER_GLOBAL_ACCENT_COLOR_NAME = AccentColor;
				CODE_SIGN_STYLE = Automatic;
				CURRENT_PROJECT_VERSION = 1;
				DEVELOPMENT_TEAM = 27976765KZ;
				GENERATE_INFOPLIST_FILE = YES;
				INFOPLIST_FILE = PokemonApp/Info.plist;
				INFOPLIST_KEY_UIApplicationSupportsIndirectInputEvents = YES;
				INFOPLIST_KEY_UILaunchStoryboardName = LaunchScreen;
				INFOPLIST_KEY_UIMainStoryboardFile = Main;
				INFOPLIST_KEY_UISupportedInterfaceOrientations_iPad = "UIInterfaceOrientationPortrait UIInterfaceOrientationPortraitUpsideDown UIInterfaceOrientationLandscapeLeft UIInterfaceOrientationLandscapeRight";
				INFOPLIST_KEY_UISupportedInterfaceOrientations_iPhone = "UIInterfaceOrientationPortrait UIInterfaceOrientationLandscapeLeft UIInterfaceOrientationLandscapeRight";
				LD_RUNPATH_SEARCH_PATHS = (
					"$(inherited)",
					"@executable_path/Frameworks",
				);
				MARKETING_VERSION = 1.0;
				PRODUCT_BUNDLE_IDENTIFIER = furkankeskin.PokemonApp;
				PRODUCT_NAME = "$(TARGET_NAME)";
				SWIFT_EMIT_LOC_STRINGS = YES;
				SWIFT_VERSION = 5.0;
				TARGETED_DEVICE_FAMILY = "1,2";
			};
			name = Release;
		};
/* End XCBuildConfiguration section */

/* Begin XCConfigurationList section */
		DC4C9FDE29CA174E008970FC /* Build configuration list for PBXProject "PokemonApp" */ = {
			isa = XCConfigurationList;
			buildConfigurations = (
				DC4C9FF529CA174F008970FC /* Debug */,
				DC4C9FF629CA174F008970FC /* Release */,
			);
			defaultConfigurationIsVisible = 0;
			defaultConfigurationName = Release;
		};
		DC4C9FF729CA174F008970FC /* Build configuration list for PBXNativeTarget "PokemonApp" */ = {
			isa = XCConfigurationList;
			buildConfigurations = (
				DC4C9FF829CA174F008970FC /* Debug */,
				DC4C9FF929CA174F008970FC /* Release */,
			);
			defaultConfigurationIsVisible = 0;
			defaultConfigurationName = Release;
		};
/* End XCConfigurationList section */

/* Begin XCRemoteSwiftPackageReference section */
		DC46303229CB31D7004BAC2D /* XCRemoteSwiftPackageReference "SDWebImage" */ = {
			isa = XCRemoteSwiftPackageReference;
			repositoryURL = "https://github.com/SDWebImage/SDWebImage";
			requirement = {
				branch = master;
				kind = branch;
			};
		};
/* End XCRemoteSwiftPackageReference section */

/* Begin XCSwiftPackageProductDependency section */
		DC46303329CB31D7004BAC2D /* SDWebImage */ = {
			isa = XCSwiftPackageProductDependency;
			package = DC46303229CB31D7004BAC2D /* XCRemoteSwiftPackageReference "SDWebImage" */;
			productName = SDWebImage;
		};
/* End XCSwiftPackageProductDependency section */
	};
	rootObject = DC4C9FDB29CA174E008970FC /* Project object */;
}
